// !$*UTF8*$!
{
	archiveVersion = 1;
	classes = {
	};
	objectVersion = 55;
	objects = {

/* Begin PBXBuildFile section */
		4EDB448DAE06DD32AD15C472 /* Pods_cocktailer_iosTests.framework in Frameworks */ = {isa = PBXBuildFile; fileRef = 3C45BA99CE37E74DCBFF535A /* Pods_cocktailer_iosTests.framework */; };
		841AB19F27BFE3CA00225E27 /* R.generated.swift in Sources */ = {isa = PBXBuildFile; fileRef = 841AB19E27BFE3CA00225E27 /* R.generated.swift */; };
		841AB1B227BFEA9D00225E27 /* Localizable.strings in Resources */ = {isa = PBXBuildFile; fileRef = 841AB1B627BFEA9D00225E27 /* Localizable.strings */; };
		841AB1B327BFEA9D00225E27 /* Localizable.strings in Resources */ = {isa = PBXBuildFile; fileRef = 841AB1B627BFEA9D00225E27 /* Localizable.strings */; };
		841AB1B427BFEA9D00225E27 /* Localizable.strings in Resources */ = {isa = PBXBuildFile; fileRef = 841AB1B627BFEA9D00225E27 /* Localizable.strings */; };
		841AB1B827BFEB2C00225E27 /* AlertHelper.swift in Sources */ = {isa = PBXBuildFile; fileRef = 841AB1B727BFEB2C00225E27 /* AlertHelper.swift */; };
		841AB1B927BFEB2C00225E27 /* AlertHelper.swift in Sources */ = {isa = PBXBuildFile; fileRef = 841AB1B727BFEB2C00225E27 /* AlertHelper.swift */; };
		841AB1BA27BFEB2C00225E27 /* AlertHelper.swift in Sources */ = {isa = PBXBuildFile; fileRef = 841AB1B727BFEB2C00225E27 /* AlertHelper.swift */; };
		841AB1BC27C0AECA00225E27 /* CocktailsPresenter.swift in Sources */ = {isa = PBXBuildFile; fileRef = 841AB1BB27C0AECA00225E27 /* CocktailsPresenter.swift */; };
		841AB1BD27C0AECA00225E27 /* CocktailsPresenter.swift in Sources */ = {isa = PBXBuildFile; fileRef = 841AB1BB27C0AECA00225E27 /* CocktailsPresenter.swift */; };
		841AB1BE27C0AECA00225E27 /* CocktailsPresenter.swift in Sources */ = {isa = PBXBuildFile; fileRef = 841AB1BB27C0AECA00225E27 /* CocktailsPresenter.swift */; };
		841AB1C027C0AEF300225E27 /* BasePresenter.swift in Sources */ = {isa = PBXBuildFile; fileRef = 841AB1BF27C0AEF300225E27 /* BasePresenter.swift */; };
		841AB1C127C0AEF300225E27 /* BasePresenter.swift in Sources */ = {isa = PBXBuildFile; fileRef = 841AB1BF27C0AEF300225E27 /* BasePresenter.swift */; };
		841AB1C227C0AEF300225E27 /* BasePresenter.swift in Sources */ = {isa = PBXBuildFile; fileRef = 841AB1BF27C0AEF300225E27 /* BasePresenter.swift */; };
		841AB1C427C0AFF100225E27 /* BaseManager.swift in Sources */ = {isa = PBXBuildFile; fileRef = 841AB1C327C0AFF100225E27 /* BaseManager.swift */; };
		841AB1C527C0AFF100225E27 /* BaseManager.swift in Sources */ = {isa = PBXBuildFile; fileRef = 841AB1C327C0AFF100225E27 /* BaseManager.swift */; };
		841AB1C627C0AFF100225E27 /* BaseManager.swift in Sources */ = {isa = PBXBuildFile; fileRef = 841AB1C327C0AFF100225E27 /* BaseManager.swift */; };
		841AB1C827C0B07100225E27 /* BaseViewController.swift in Sources */ = {isa = PBXBuildFile; fileRef = 841AB1C727C0B07100225E27 /* BaseViewController.swift */; };
		841AB1D027C11D6400225E27 /* CocktailRealModel.swift in Sources */ = {isa = PBXBuildFile; fileRef = 841AB1CF27C11D6400225E27 /* CocktailRealModel.swift */; };
		841AB1D127C11D6400225E27 /* CocktailRealModel.swift in Sources */ = {isa = PBXBuildFile; fileRef = 841AB1CF27C11D6400225E27 /* CocktailRealModel.swift */; };
		841AB1D227C11D6400225E27 /* CocktailRealModel.swift in Sources */ = {isa = PBXBuildFile; fileRef = 841AB1CF27C11D6400225E27 /* CocktailRealModel.swift */; };
		841AB1D427C11DC000225E27 /* CocktailsResponse.swift in Sources */ = {isa = PBXBuildFile; fileRef = 841AB1D327C11DBF00225E27 /* CocktailsResponse.swift */; };
		841AB1D527C11DC000225E27 /* CocktailsResponse.swift in Sources */ = {isa = PBXBuildFile; fileRef = 841AB1D327C11DBF00225E27 /* CocktailsResponse.swift */; };
		841AB1D627C11DC000225E27 /* CocktailsResponse.swift in Sources */ = {isa = PBXBuildFile; fileRef = 841AB1D327C11DBF00225E27 /* CocktailsResponse.swift */; };
		841AB1D827C1203300225E27 /* PathBuilder.swift in Sources */ = {isa = PBXBuildFile; fileRef = 841AB1D727C1203300225E27 /* PathBuilder.swift */; };
		841AB1D927C1203300225E27 /* PathBuilder.swift in Sources */ = {isa = PBXBuildFile; fileRef = 841AB1D727C1203300225E27 /* PathBuilder.swift */; };
		841AB1DA27C1203300225E27 /* PathBuilder.swift in Sources */ = {isa = PBXBuildFile; fileRef = 841AB1D727C1203300225E27 /* PathBuilder.swift */; };
		841AB1DC27C12A8000225E27 /* CocktailsManager.swift in Sources */ = {isa = PBXBuildFile; fileRef = 841AB1DB27C12A8000225E27 /* CocktailsManager.swift */; };
		841AB1DD27C12A8000225E27 /* CocktailsManager.swift in Sources */ = {isa = PBXBuildFile; fileRef = 841AB1DB27C12A8000225E27 /* CocktailsManager.swift */; };
		841AB1DE27C12A8000225E27 /* CocktailsManager.swift in Sources */ = {isa = PBXBuildFile; fileRef = 841AB1DB27C12A8000225E27 /* CocktailsManager.swift */; };
		841AB1E027C12D0D00225E27 /* ServiceBaseError.swift in Sources */ = {isa = PBXBuildFile; fileRef = 841AB1DF27C12D0D00225E27 /* ServiceBaseError.swift */; };
		841AB1E127C12D0D00225E27 /* ServiceBaseError.swift in Sources */ = {isa = PBXBuildFile; fileRef = 841AB1DF27C12D0D00225E27 /* ServiceBaseError.swift */; };
		841AB1E227C12D0D00225E27 /* ServiceBaseError.swift in Sources */ = {isa = PBXBuildFile; fileRef = 841AB1DF27C12D0D00225E27 /* ServiceBaseError.swift */; };
		841AB1E427C1313C00225E27 /* CocktailViewModel.swift in Sources */ = {isa = PBXBuildFile; fileRef = 841AB1E327C1313C00225E27 /* CocktailViewModel.swift */; };
		841AB1E527C1313C00225E27 /* CocktailViewModel.swift in Sources */ = {isa = PBXBuildFile; fileRef = 841AB1E327C1313C00225E27 /* CocktailViewModel.swift */; };
		841AB1E627C1313C00225E27 /* CocktailViewModel.swift in Sources */ = {isa = PBXBuildFile; fileRef = 841AB1E327C1313C00225E27 /* CocktailViewModel.swift */; };
		841AB1EA27C1DC7A00225E27 /* BaseViewModel.swift in Sources */ = {isa = PBXBuildFile; fileRef = 841AB1E927C1DC7A00225E27 /* BaseViewModel.swift */; };
		841AB1EB27C1DC7A00225E27 /* BaseViewModel.swift in Sources */ = {isa = PBXBuildFile; fileRef = 841AB1E927C1DC7A00225E27 /* BaseViewModel.swift */; };
		841AB1EC27C1DC7A00225E27 /* BaseViewModel.swift in Sources */ = {isa = PBXBuildFile; fileRef = 841AB1E927C1DC7A00225E27 /* BaseViewModel.swift */; };
		841AB1F227C21B7400225E27 /* Extensions.swift in Sources */ = {isa = PBXBuildFile; fileRef = 841AB1F127C21B7400225E27 /* Extensions.swift */; };
		841AB1F327C21B7400225E27 /* Extensions.swift in Sources */ = {isa = PBXBuildFile; fileRef = 841AB1F127C21B7400225E27 /* Extensions.swift */; };
		841AB1F427C21B7400225E27 /* Extensions.swift in Sources */ = {isa = PBXBuildFile; fileRef = 841AB1F127C21B7400225E27 /* Extensions.swift */; };
		841AB1F627C3541E00225E27 /* CocktailsViewController.swift in Sources */ = {isa = PBXBuildFile; fileRef = 841AB1F527C3541E00225E27 /* CocktailsViewController.swift */; };
		841AB1F727C3541E00225E27 /* CocktailsViewController.swift in Sources */ = {isa = PBXBuildFile; fileRef = 841AB1F527C3541E00225E27 /* CocktailsViewController.swift */; };
		841AB1F827C3541E00225E27 /* CocktailsViewController.swift in Sources */ = {isa = PBXBuildFile; fileRef = 841AB1F527C3541E00225E27 /* CocktailsViewController.swift */; };
		841AB1FB27C356D700225E27 /* CocktailTableViewCell.swift in Sources */ = {isa = PBXBuildFile; fileRef = 841AB1F927C356D600225E27 /* CocktailTableViewCell.swift */; };
		841AB1FC27C356D700225E27 /* CocktailTableViewCell.swift in Sources */ = {isa = PBXBuildFile; fileRef = 841AB1F927C356D600225E27 /* CocktailTableViewCell.swift */; };
		841AB1FD27C356D700225E27 /* CocktailTableViewCell.swift in Sources */ = {isa = PBXBuildFile; fileRef = 841AB1F927C356D600225E27 /* CocktailTableViewCell.swift */; };
		841AB1FE27C356D700225E27 /* CocktailTableViewCell.xib in Resources */ = {isa = PBXBuildFile; fileRef = 841AB1FA27C356D600225E27 /* CocktailTableViewCell.xib */; };
		841AB1FF27C356D700225E27 /* CocktailTableViewCell.xib in Resources */ = {isa = PBXBuildFile; fileRef = 841AB1FA27C356D600225E27 /* CocktailTableViewCell.xib */; };
		841AB20027C356D700225E27 /* CocktailTableViewCell.xib in Resources */ = {isa = PBXBuildFile; fileRef = 841AB1FA27C356D600225E27 /* CocktailTableViewCell.xib */; };
		844732B027BFD3AB00F9F1F9 /* AppDelegate.swift in Sources */ = {isa = PBXBuildFile; fileRef = 844732AF27BFD3AB00F9F1F9 /* AppDelegate.swift */; };
		844732B427BFD3AB00F9F1F9 /* CocktailerVIewController.swift in Sources */ = {isa = PBXBuildFile; fileRef = 844732B327BFD3AB00F9F1F9 /* CocktailerVIewController.swift */; };
		844732B727BFD3AB00F9F1F9 /* Main.storyboard in Resources */ = {isa = PBXBuildFile; fileRef = 844732B527BFD3AB00F9F1F9 /* Main.storyboard */; };
		844732B927BFD3B000F9F1F9 /* Assets.xcassets in Resources */ = {isa = PBXBuildFile; fileRef = 844732B827BFD3B000F9F1F9 /* Assets.xcassets */; };
		844732BC27BFD3B000F9F1F9 /* LaunchScreen.storyboard in Resources */ = {isa = PBXBuildFile; fileRef = 844732BA27BFD3B000F9F1F9 /* LaunchScreen.storyboard */; };
		844732C727BFD3B000F9F1F9 /* cocktailer_iosTests.swift in Sources */ = {isa = PBXBuildFile; fileRef = 844732C627BFD3B000F9F1F9 /* cocktailer_iosTests.swift */; };
		844732D127BFD3B000F9F1F9 /* cocktailer_iosUITests.swift in Sources */ = {isa = PBXBuildFile; fileRef = 844732D027BFD3B000F9F1F9 /* cocktailer_iosUITests.swift */; };
		844732D327BFD3B000F9F1F9 /* cocktailer_iosUITestsLaunchTests.swift in Sources */ = {isa = PBXBuildFile; fileRef = 844732D227BFD3B000F9F1F9 /* cocktailer_iosUITestsLaunchTests.swift */; };
		8A85FDF2BA0309CD6006E242 /* Pods_cocktailer_ios.framework in Frameworks */ = {isa = PBXBuildFile; fileRef = 4009A4585A3CDE7F5A931E45 /* Pods_cocktailer_ios.framework */; };
		AA02677EE6FBEED3938907F4 /* Pods_cocktailer_ios_cocktailer_iosUITests.framework in Frameworks */ = {isa = PBXBuildFile; fileRef = A7F946B822C2A381F1A94865 /* Pods_cocktailer_ios_cocktailer_iosUITests.framework */; };
/* End PBXBuildFile section */

/* Begin PBXContainerItemProxy section */
		844732C327BFD3B000F9F1F9 /* PBXContainerItemProxy */ = {
			isa = PBXContainerItemProxy;
			containerPortal = 844732A427BFD3AB00F9F1F9 /* Project object */;
			proxyType = 1;
			remoteGlobalIDString = 844732AB27BFD3AB00F9F1F9;
			remoteInfo = "cocktailer-ios";
		};
		844732CD27BFD3B000F9F1F9 /* PBXContainerItemProxy */ = {
			isa = PBXContainerItemProxy;
			containerPortal = 844732A427BFD3AB00F9F1F9 /* Project object */;
			proxyType = 1;
			remoteGlobalIDString = 844732AB27BFD3AB00F9F1F9;
			remoteInfo = "cocktailer-ios";
		};
/* End PBXContainerItemProxy section */

/* Begin PBXFileReference section */
		1D622C584DD9DBCE0C469BC2 /* Pods-cocktailer-ios-cocktailer-iosUITests.release.xcconfig */ = {isa = PBXFileReference; includeInIndex = 1; lastKnownFileType = text.xcconfig; name = "Pods-cocktailer-ios-cocktailer-iosUITests.release.xcconfig"; path = "Target Support Files/Pods-cocktailer-ios-cocktailer-iosUITests/Pods-cocktailer-ios-cocktailer-iosUITests.release.xcconfig"; sourceTree = "<group>"; };
		3BDC06B118DEEF3D9BA83B88 /* Pods-cocktailer-iosTests.release.xcconfig */ = {isa = PBXFileReference; includeInIndex = 1; lastKnownFileType = text.xcconfig; name = "Pods-cocktailer-iosTests.release.xcconfig"; path = "Target Support Files/Pods-cocktailer-iosTests/Pods-cocktailer-iosTests.release.xcconfig"; sourceTree = "<group>"; };
		3C45BA99CE37E74DCBFF535A /* Pods_cocktailer_iosTests.framework */ = {isa = PBXFileReference; explicitFileType = wrapper.framework; includeInIndex = 0; path = Pods_cocktailer_iosTests.framework; sourceTree = BUILT_PRODUCTS_DIR; };
		4009A4585A3CDE7F5A931E45 /* Pods_cocktailer_ios.framework */ = {isa = PBXFileReference; explicitFileType = wrapper.framework; includeInIndex = 0; path = Pods_cocktailer_ios.framework; sourceTree = BUILT_PRODUCTS_DIR; };
		5034BFF194A6A7BF22B58A82 /* Pods-cocktailer-ios.debug.xcconfig */ = {isa = PBXFileReference; includeInIndex = 1; lastKnownFileType = text.xcconfig; name = "Pods-cocktailer-ios.debug.xcconfig"; path = "Target Support Files/Pods-cocktailer-ios/Pods-cocktailer-ios.debug.xcconfig"; sourceTree = "<group>"; };
		6A7F05916B157269EE6ED07F /* Pods-cocktailer-iosTests.debug.xcconfig */ = {isa = PBXFileReference; includeInIndex = 1; lastKnownFileType = text.xcconfig; name = "Pods-cocktailer-iosTests.debug.xcconfig"; path = "Target Support Files/Pods-cocktailer-iosTests/Pods-cocktailer-iosTests.debug.xcconfig"; sourceTree = "<group>"; };
		841AB19E27BFE3CA00225E27 /* R.generated.swift */ = {isa = PBXFileReference; fileEncoding = 4; lastKnownFileType = sourcecode.swift; path = R.generated.swift; sourceTree = "<group>"; };
		841AB1B527BFEA9D00225E27 /* en */ = {isa = PBXFileReference; lastKnownFileType = text.plist.strings; name = en; path = en.lproj/Localizable.strings; sourceTree = "<group>"; };
		841AB1B727BFEB2C00225E27 /* AlertHelper.swift */ = {isa = PBXFileReference; lastKnownFileType = sourcecode.swift; path = AlertHelper.swift; sourceTree = "<group>"; };
		841AB1BB27C0AECA00225E27 /* CocktailsPresenter.swift */ = {isa = PBXFileReference; lastKnownFileType = sourcecode.swift; path = CocktailsPresenter.swift; sourceTree = "<group>"; };
		841AB1BF27C0AEF300225E27 /* BasePresenter.swift */ = {isa = PBXFileReference; lastKnownFileType = sourcecode.swift; path = BasePresenter.swift; sourceTree = "<group>"; };
		841AB1C327C0AFF100225E27 /* BaseManager.swift */ = {isa = PBXFileReference; lastKnownFileType = sourcecode.swift; path = BaseManager.swift; sourceTree = "<group>"; };
		841AB1C727C0B07100225E27 /* BaseViewController.swift */ = {isa = PBXFileReference; lastKnownFileType = sourcecode.swift; path = BaseViewController.swift; sourceTree = "<group>"; };
		841AB1CF27C11D6400225E27 /* CocktailRealModel.swift */ = {isa = PBXFileReference; lastKnownFileType = sourcecode.swift; path = CocktailRealModel.swift; sourceTree = "<group>"; };
		841AB1D327C11DBF00225E27 /* CocktailsResponse.swift */ = {isa = PBXFileReference; lastKnownFileType = sourcecode.swift; path = CocktailsResponse.swift; sourceTree = "<group>"; };
		841AB1D727C1203300225E27 /* PathBuilder.swift */ = {isa = PBXFileReference; lastKnownFileType = sourcecode.swift; path = PathBuilder.swift; sourceTree = "<group>"; };
		841AB1DB27C12A8000225E27 /* CocktailsManager.swift */ = {isa = PBXFileReference; lastKnownFileType = sourcecode.swift; path = CocktailsManager.swift; sourceTree = "<group>"; };
		841AB1DF27C12D0D00225E27 /* ServiceBaseError.swift */ = {isa = PBXFileReference; lastKnownFileType = sourcecode.swift; path = ServiceBaseError.swift; sourceTree = "<group>"; };
		841AB1E327C1313C00225E27 /* CocktailViewModel.swift */ = {isa = PBXFileReference; lastKnownFileType = sourcecode.swift; path = CocktailViewModel.swift; sourceTree = "<group>"; };
		841AB1E927C1DC7A00225E27 /* BaseViewModel.swift */ = {isa = PBXFileReference; lastKnownFileType = sourcecode.swift; path = BaseViewModel.swift; sourceTree = "<group>"; };
		841AB1F127C21B7400225E27 /* Extensions.swift */ = {isa = PBXFileReference; lastKnownFileType = sourcecode.swift; path = Extensions.swift; sourceTree = "<group>"; };
		841AB1F527C3541E00225E27 /* CocktailsViewController.swift */ = {isa = PBXFileReference; lastKnownFileType = sourcecode.swift; path = CocktailsViewController.swift; sourceTree = "<group>"; };
		841AB1F927C356D600225E27 /* CocktailTableViewCell.swift */ = {isa = PBXFileReference; lastKnownFileType = sourcecode.swift; path = CocktailTableViewCell.swift; sourceTree = "<group>"; };
		841AB1FA27C356D600225E27 /* CocktailTableViewCell.xib */ = {isa = PBXFileReference; lastKnownFileType = file.xib; path = CocktailTableViewCell.xib; sourceTree = "<group>"; };
		844732AC27BFD3AB00F9F1F9 /* cocktailer-ios.app */ = {isa = PBXFileReference; explicitFileType = wrapper.application; includeInIndex = 0; path = "cocktailer-ios.app"; sourceTree = BUILT_PRODUCTS_DIR; };
		844732AF27BFD3AB00F9F1F9 /* AppDelegate.swift */ = {isa = PBXFileReference; lastKnownFileType = sourcecode.swift; path = AppDelegate.swift; sourceTree = "<group>"; };
		844732B327BFD3AB00F9F1F9 /* CocktailerVIewController.swift */ = {isa = PBXFileReference; lastKnownFileType = sourcecode.swift; path = CocktailerVIewController.swift; sourceTree = "<group>"; };
		844732B627BFD3AB00F9F1F9 /* Base */ = {isa = PBXFileReference; lastKnownFileType = file.storyboard; name = Base; path = Base.lproj/Main.storyboard; sourceTree = "<group>"; };
		844732B827BFD3B000F9F1F9 /* Assets.xcassets */ = {isa = PBXFileReference; lastKnownFileType = folder.assetcatalog; path = Assets.xcassets; sourceTree = "<group>"; };
		844732BB27BFD3B000F9F1F9 /* Base */ = {isa = PBXFileReference; lastKnownFileType = file.storyboard; name = Base; path = Base.lproj/LaunchScreen.storyboard; sourceTree = "<group>"; };
		844732BD27BFD3B000F9F1F9 /* Info.plist */ = {isa = PBXFileReference; lastKnownFileType = text.plist.xml; path = Info.plist; sourceTree = "<group>"; };
		844732C227BFD3B000F9F1F9 /* cocktailer-iosTests.xctest */ = {isa = PBXFileReference; explicitFileType = wrapper.cfbundle; includeInIndex = 0; path = "cocktailer-iosTests.xctest"; sourceTree = BUILT_PRODUCTS_DIR; };
		844732C627BFD3B000F9F1F9 /* cocktailer_iosTests.swift */ = {isa = PBXFileReference; lastKnownFileType = sourcecode.swift; path = cocktailer_iosTests.swift; sourceTree = "<group>"; };
		844732CC27BFD3B000F9F1F9 /* cocktailer-iosUITests.xctest */ = {isa = PBXFileReference; explicitFileType = wrapper.cfbundle; includeInIndex = 0; path = "cocktailer-iosUITests.xctest"; sourceTree = BUILT_PRODUCTS_DIR; };
		844732D027BFD3B000F9F1F9 /* cocktailer_iosUITests.swift */ = {isa = PBXFileReference; lastKnownFileType = sourcecode.swift; path = cocktailer_iosUITests.swift; sourceTree = "<group>"; };
		844732D227BFD3B000F9F1F9 /* cocktailer_iosUITestsLaunchTests.swift */ = {isa = PBXFileReference; lastKnownFileType = sourcecode.swift; path = cocktailer_iosUITestsLaunchTests.swift; sourceTree = "<group>"; };
		A7F946B822C2A381F1A94865 /* Pods_cocktailer_ios_cocktailer_iosUITests.framework */ = {isa = PBXFileReference; explicitFileType = wrapper.framework; includeInIndex = 0; path = Pods_cocktailer_ios_cocktailer_iosUITests.framework; sourceTree = BUILT_PRODUCTS_DIR; };
		F0C7317ECA1A42E7894793C5 /* Pods-cocktailer-ios.release.xcconfig */ = {isa = PBXFileReference; includeInIndex = 1; lastKnownFileType = text.xcconfig; name = "Pods-cocktailer-ios.release.xcconfig"; path = "Target Support Files/Pods-cocktailer-ios/Pods-cocktailer-ios.release.xcconfig"; sourceTree = "<group>"; };
		F2E296B7249AFB9622A02620 /* Pods-cocktailer-ios-cocktailer-iosUITests.debug.xcconfig */ = {isa = PBXFileReference; includeInIndex = 1; lastKnownFileType = text.xcconfig; name = "Pods-cocktailer-ios-cocktailer-iosUITests.debug.xcconfig"; path = "Target Support Files/Pods-cocktailer-ios-cocktailer-iosUITests/Pods-cocktailer-ios-cocktailer-iosUITests.debug.xcconfig"; sourceTree = "<group>"; };
/* End PBXFileReference section */

/* Begin PBXFrameworksBuildPhase section */
		844732A927BFD3AB00F9F1F9 /* Frameworks */ = {
			isa = PBXFrameworksBuildPhase;
			buildActionMask = 2147483647;
			files = (
				8A85FDF2BA0309CD6006E242 /* Pods_cocktailer_ios.framework in Frameworks */,
			);
			runOnlyForDeploymentPostprocessing = 0;
		};
		844732BF27BFD3B000F9F1F9 /* Frameworks */ = {
			isa = PBXFrameworksBuildPhase;
			buildActionMask = 2147483647;
			files = (
				4EDB448DAE06DD32AD15C472 /* Pods_cocktailer_iosTests.framework in Frameworks */,
			);
			runOnlyForDeploymentPostprocessing = 0;
		};
		844732C927BFD3B000F9F1F9 /* Frameworks */ = {
			isa = PBXFrameworksBuildPhase;
			buildActionMask = 2147483647;
			files = (
				AA02677EE6FBEED3938907F4 /* Pods_cocktailer_ios_cocktailer_iosUITests.framework in Frameworks */,
			);
			runOnlyForDeploymentPostprocessing = 0;
		};
/* End PBXFrameworksBuildPhase section */

/* Begin PBXGroup section */
		841AB1A227BFE4A900225E27 /* Views */ = {
			isa = PBXGroup;
			children = (
				844732B527BFD3AB00F9F1F9 /* Main.storyboard */,
				841AB1AD27BFE6F700225E27 /* Custom Views */,
				841AB1A727BFE67300225E27 /* Custom Cells */,
				841AB1C727C0B07100225E27 /* BaseViewController.swift */,
				844732B327BFD3AB00F9F1F9 /* CocktailerVIewController.swift */,
				841AB1F527C3541E00225E27 /* CocktailsViewController.swift */,
			);
			path = Views;
			sourceTree = "<group>";
		};
		841AB1A327BFE4B500225E27 /* Presenters */ = {
			isa = PBXGroup;
			children = (
				841AB1BB27C0AECA00225E27 /* CocktailsPresenter.swift */,
				841AB1BF27C0AEF300225E27 /* BasePresenter.swift */,
				841AB1A827BFE68F00225E27 /* ViewModels */,
			);
			path = Presenters;
			sourceTree = "<group>";
		};
		841AB1A427BFE4F200225E27 /* Networking */ = {
			isa = PBXGroup;
			children = (
				841AB1A927BFE6A500225E27 /* Managers */,
				841AB1AA27BFE6AC00225E27 /* Services */,
				841AB1AB27BFE6B300225E27 /* Models */,
				841AB1AC27BFE6BD00225E27 /* Responses */,
			);
			path = Networking;
			sourceTree = "<group>";
		};
		841AB1A527BFE4FC00225E27 /* Helpers */ = {
			isa = PBXGroup;
			children = (
				841AB1F127C21B7400225E27 /* Extensions.swift */,
				841AB1B727BFEB2C00225E27 /* AlertHelper.swift */,
				841AB1B627BFEA9D00225E27 /* Localizable.strings */,
			);
			path = Helpers;
			sourceTree = "<group>";
		};
		841AB1A627BFE50A00225E27 /* Supporting Files */ = {
			isa = PBXGroup;
			children = (
				844732AF27BFD3AB00F9F1F9 /* AppDelegate.swift */,
				844732BA27BFD3B000F9F1F9 /* LaunchScreen.storyboard */,
				844732B827BFD3B000F9F1F9 /* Assets.xcassets */,
				841AB19E27BFE3CA00225E27 /* R.generated.swift */,
			);
			path = "Supporting Files";
			sourceTree = "<group>";
		};
		841AB1A727BFE67300225E27 /* Custom Cells */ = {
			isa = PBXGroup;
			children = (
				841AB1F927C356D600225E27 /* CocktailTableViewCell.swift */,
				841AB1FA27C356D600225E27 /* CocktailTableViewCell.xib */,
			);
			path = "Custom Cells";
			sourceTree = "<group>";
		};
		841AB1A827BFE68F00225E27 /* ViewModels */ = {
			isa = PBXGroup;
			children = (
				841AB1E327C1313C00225E27 /* CocktailViewModel.swift */,
				841AB1E927C1DC7A00225E27 /* BaseViewModel.swift */,
			);
			path = ViewModels;
			sourceTree = "<group>";
		};
		841AB1A927BFE6A500225E27 /* Managers */ = {
			isa = PBXGroup;
			children = (
				841AB1C327C0AFF100225E27 /* BaseManager.swift */,
				841AB1DB27C12A8000225E27 /* CocktailsManager.swift */,
			);
			path = Managers;
			sourceTree = "<group>";
		};
		841AB1AA27BFE6AC00225E27 /* Services */ = {
			isa = PBXGroup;
			children = (
				841AB1D727C1203300225E27 /* PathBuilder.swift */,
			);
			path = Services;
			sourceTree = "<group>";
		};
		841AB1AB27BFE6B300225E27 /* Models */ = {
			isa = PBXGroup;
			children = (
				841AB1CF27C11D6400225E27 /* CocktailRealModel.swift */,
			);
			path = Models;
			sourceTree = "<group>";
		};
		841AB1AC27BFE6BD00225E27 /* Responses */ = {
			isa = PBXGroup;
			children = (
				841AB1D327C11DBF00225E27 /* CocktailsResponse.swift */,
				841AB1DF27C12D0D00225E27 /* ServiceBaseError.swift */,
			);
			path = Responses;
			sourceTree = "<group>";
		};
		841AB1AD27BFE6F700225E27 /* Custom Views */ = {
			isa = PBXGroup;
			children = (
			);
			path = "Custom Views";
			sourceTree = "<group>";
		};
		844732A327BFD3AB00F9F1F9 = {
			isa = PBXGroup;
			children = (
				844732AE27BFD3AB00F9F1F9 /* cocktailer-ios */,
				844732C527BFD3B000F9F1F9 /* cocktailer-iosTests */,
				844732CF27BFD3B000F9F1F9 /* cocktailer-iosUITests */,
				844732AD27BFD3AB00F9F1F9 /* Products */,
				F3EE637F3158C1B8D6524EF6 /* Pods */,
				87E92A980F3CB249C5F6D58A /* Frameworks */,
			);
			sourceTree = "<group>";
		};
		844732AD27BFD3AB00F9F1F9 /* Products */ = {
			isa = PBXGroup;
			children = (
				844732AC27BFD3AB00F9F1F9 /* cocktailer-ios.app */,
				844732C227BFD3B000F9F1F9 /* cocktailer-iosTests.xctest */,
				844732CC27BFD3B000F9F1F9 /* cocktailer-iosUITests.xctest */,
			);
			name = Products;
			sourceTree = "<group>";
		};
		844732AE27BFD3AB00F9F1F9 /* cocktailer-ios */ = {
			isa = PBXGroup;
			children = (
				841AB1A227BFE4A900225E27 /* Views */,
				841AB1A327BFE4B500225E27 /* Presenters */,
				841AB1A427BFE4F200225E27 /* Networking */,
				841AB1A527BFE4FC00225E27 /* Helpers */,
				841AB1A627BFE50A00225E27 /* Supporting Files */,
				844732BD27BFD3B000F9F1F9 /* Info.plist */,
			);
			path = "cocktailer-ios";
			sourceTree = "<group>";
		};
		844732C527BFD3B000F9F1F9 /* cocktailer-iosTests */ = {
			isa = PBXGroup;
			children = (
				844732C627BFD3B000F9F1F9 /* cocktailer_iosTests.swift */,
			);
			path = "cocktailer-iosTests";
			sourceTree = "<group>";
		};
		844732CF27BFD3B000F9F1F9 /* cocktailer-iosUITests */ = {
			isa = PBXGroup;
			children = (
				844732D027BFD3B000F9F1F9 /* cocktailer_iosUITests.swift */,
				844732D227BFD3B000F9F1F9 /* cocktailer_iosUITestsLaunchTests.swift */,
			);
			path = "cocktailer-iosUITests";
			sourceTree = "<group>";
		};
		87E92A980F3CB249C5F6D58A /* Frameworks */ = {
			isa = PBXGroup;
			children = (
				4009A4585A3CDE7F5A931E45 /* Pods_cocktailer_ios.framework */,
				A7F946B822C2A381F1A94865 /* Pods_cocktailer_ios_cocktailer_iosUITests.framework */,
				3C45BA99CE37E74DCBFF535A /* Pods_cocktailer_iosTests.framework */,
			);
			name = Frameworks;
			sourceTree = "<group>";
		};
		F3EE637F3158C1B8D6524EF6 /* Pods */ = {
			isa = PBXGroup;
			children = (
				5034BFF194A6A7BF22B58A82 /* Pods-cocktailer-ios.debug.xcconfig */,
				F0C7317ECA1A42E7894793C5 /* Pods-cocktailer-ios.release.xcconfig */,
				F2E296B7249AFB9622A02620 /* Pods-cocktailer-ios-cocktailer-iosUITests.debug.xcconfig */,
				1D622C584DD9DBCE0C469BC2 /* Pods-cocktailer-ios-cocktailer-iosUITests.release.xcconfig */,
				6A7F05916B157269EE6ED07F /* Pods-cocktailer-iosTests.debug.xcconfig */,
				3BDC06B118DEEF3D9BA83B88 /* Pods-cocktailer-iosTests.release.xcconfig */,
			);
			path = Pods;
			sourceTree = "<group>";
		};
/* End PBXGroup section */

/* Begin PBXNativeTarget section */
		844732AB27BFD3AB00F9F1F9 /* cocktailer-ios */ = {
			isa = PBXNativeTarget;
			buildConfigurationList = 844732D627BFD3B000F9F1F9 /* Build configuration list for PBXNativeTarget "cocktailer-ios" */;
			buildPhases = (
				142DFAEFF82E25E39F38DEFF /* [CP] Check Pods Manifest.lock */,
				844732DF27BFE10000F9F1F9 /* R.swift */,
				844732A827BFD3AB00F9F1F9 /* Sources */,
				844732A927BFD3AB00F9F1F9 /* Frameworks */,
				844732AA27BFD3AB00F9F1F9 /* Resources */,
				853721EB93D98C198F4875DE /* [CP] Embed Pods Frameworks */,
			);
			buildRules = (
			);
			dependencies = (
			);
			name = "cocktailer-ios";
			productName = "cocktailer-ios";
			productReference = 844732AC27BFD3AB00F9F1F9 /* cocktailer-ios.app */;
			productType = "com.apple.product-type.application";
		};
		844732C127BFD3B000F9F1F9 /* cocktailer-iosTests */ = {
			isa = PBXNativeTarget;
			buildConfigurationList = 844732D927BFD3B000F9F1F9 /* Build configuration list for PBXNativeTarget "cocktailer-iosTests" */;
			buildPhases = (
				93C7FC322A696F9FAA8B9296 /* [CP] Check Pods Manifest.lock */,
				844732BE27BFD3B000F9F1F9 /* Sources */,
				844732BF27BFD3B000F9F1F9 /* Frameworks */,
				844732C027BFD3B000F9F1F9 /* Resources */,
			);
			buildRules = (
			);
			dependencies = (
				844732C427BFD3B000F9F1F9 /* PBXTargetDependency */,
			);
			name = "cocktailer-iosTests";
			productName = "cocktailer-iosTests";
			productReference = 844732C227BFD3B000F9F1F9 /* cocktailer-iosTests.xctest */;
			productType = "com.apple.product-type.bundle.unit-test";
		};
		844732CB27BFD3B000F9F1F9 /* cocktailer-iosUITests */ = {
			isa = PBXNativeTarget;
			buildConfigurationList = 844732DC27BFD3B000F9F1F9 /* Build configuration list for PBXNativeTarget "cocktailer-iosUITests" */;
			buildPhases = (
				37CE0CF4BA8991D9314DDFAD /* [CP] Check Pods Manifest.lock */,
				844732C827BFD3B000F9F1F9 /* Sources */,
				844732C927BFD3B000F9F1F9 /* Frameworks */,
				844732CA27BFD3B000F9F1F9 /* Resources */,
				ACCCC744FB78BCEA38694D3D /* [CP] Embed Pods Frameworks */,
			);
			buildRules = (
			);
			dependencies = (
				844732CE27BFD3B000F9F1F9 /* PBXTargetDependency */,
			);
			name = "cocktailer-iosUITests";
			productName = "cocktailer-iosUITests";
			productReference = 844732CC27BFD3B000F9F1F9 /* cocktailer-iosUITests.xctest */;
			productType = "com.apple.product-type.bundle.ui-testing";
		};
/* End PBXNativeTarget section */

/* Begin PBXProject section */
		844732A427BFD3AB00F9F1F9 /* Project object */ = {
			isa = PBXProject;
			attributes = {
				BuildIndependentTargetsInParallel = 1;
				LastSwiftUpdateCheck = 1320;
				LastUpgradeCheck = 1320;
				TargetAttributes = {
					844732AB27BFD3AB00F9F1F9 = {
						CreatedOnToolsVersion = 13.2.1;
					};
					844732C127BFD3B000F9F1F9 = {
						CreatedOnToolsVersion = 13.2.1;
						TestTargetID = 844732AB27BFD3AB00F9F1F9;
					};
					844732CB27BFD3B000F9F1F9 = {
						CreatedOnToolsVersion = 13.2.1;
						TestTargetID = 844732AB27BFD3AB00F9F1F9;
					};
				};
			};
			buildConfigurationList = 844732A727BFD3AB00F9F1F9 /* Build configuration list for PBXProject "cocktailer-ios" */;
			compatibilityVersion = "Xcode 13.0";
			developmentRegion = en;
			hasScannedForEncodings = 0;
			knownRegions = (
				en,
				Base,
			);
			mainGroup = 844732A327BFD3AB00F9F1F9;
			productRefGroup = 844732AD27BFD3AB00F9F1F9 /* Products */;
			projectDirPath = "";
			projectRoot = "";
			targets = (
				844732AB27BFD3AB00F9F1F9 /* cocktailer-ios */,
				844732C127BFD3B000F9F1F9 /* cocktailer-iosTests */,
				844732CB27BFD3B000F9F1F9 /* cocktailer-iosUITests */,
			);
		};
/* End PBXProject section */

/* Begin PBXResourcesBuildPhase section */
		844732AA27BFD3AB00F9F1F9 /* Resources */ = {
			isa = PBXResourcesBuildPhase;
			buildActionMask = 2147483647;
			files = (
				844732BC27BFD3B000F9F1F9 /* LaunchScreen.storyboard in Resources */,
				841AB1B227BFEA9D00225E27 /* Localizable.strings in Resources */,
				841AB1FE27C356D700225E27 /* CocktailTableViewCell.xib in Resources */,
				844732B927BFD3B000F9F1F9 /* Assets.xcassets in Resources */,
				844732B727BFD3AB00F9F1F9 /* Main.storyboard in Resources */,
			);
			runOnlyForDeploymentPostprocessing = 0;
		};
		844732C027BFD3B000F9F1F9 /* Resources */ = {
			isa = PBXResourcesBuildPhase;
			buildActionMask = 2147483647;
			files = (
				841AB1B327BFEA9D00225E27 /* Localizable.strings in Resources */,
				841AB1FF27C356D700225E27 /* CocktailTableViewCell.xib in Resources */,
			);
			runOnlyForDeploymentPostprocessing = 0;
		};
		844732CA27BFD3B000F9F1F9 /* Resources */ = {
			isa = PBXResourcesBuildPhase;
			buildActionMask = 2147483647;
			files = (
				841AB1B427BFEA9D00225E27 /* Localizable.strings in Resources */,
				841AB20027C356D700225E27 /* CocktailTableViewCell.xib in Resources */,
			);
			runOnlyForDeploymentPostprocessing = 0;
		};
/* End PBXResourcesBuildPhase section */

/* Begin PBXShellScriptBuildPhase section */
		142DFAEFF82E25E39F38DEFF /* [CP] Check Pods Manifest.lock */ = {
			isa = PBXShellScriptBuildPhase;
			buildActionMask = 2147483647;
			files = (
			);
			inputFileListPaths = (
			);
			inputPaths = (
				"${PODS_PODFILE_DIR_PATH}/Podfile.lock",
				"${PODS_ROOT}/Manifest.lock",
			);
			name = "[CP] Check Pods Manifest.lock";
			outputFileListPaths = (
			);
			outputPaths = (
				"$(DERIVED_FILE_DIR)/Pods-cocktailer-ios-checkManifestLockResult.txt",
			);
			runOnlyForDeploymentPostprocessing = 0;
			shellPath = /bin/sh;
			shellScript = "diff \"${PODS_PODFILE_DIR_PATH}/Podfile.lock\" \"${PODS_ROOT}/Manifest.lock\" > /dev/null\nif [ $? != 0 ] ; then\n    # print error to STDERR\n    echo \"error: The sandbox is not in sync with the Podfile.lock. Run 'pod install' or update your CocoaPods installation.\" >&2\n    exit 1\nfi\n# This output is used by Xcode 'outputs' to avoid re-running this script phase.\necho \"SUCCESS\" > \"${SCRIPT_OUTPUT_FILE_0}\"\n";
			showEnvVarsInLog = 0;
		};
		37CE0CF4BA8991D9314DDFAD /* [CP] Check Pods Manifest.lock */ = {
			isa = PBXShellScriptBuildPhase;
			buildActionMask = 2147483647;
			files = (
			);
			inputFileListPaths = (
			);
			inputPaths = (
				"${PODS_PODFILE_DIR_PATH}/Podfile.lock",
				"${PODS_ROOT}/Manifest.lock",
			);
			name = "[CP] Check Pods Manifest.lock";
			outputFileListPaths = (
			);
			outputPaths = (
				"$(DERIVED_FILE_DIR)/Pods-cocktailer-ios-cocktailer-iosUITests-checkManifestLockResult.txt",
			);
			runOnlyForDeploymentPostprocessing = 0;
			shellPath = /bin/sh;
			shellScript = "diff \"${PODS_PODFILE_DIR_PATH}/Podfile.lock\" \"${PODS_ROOT}/Manifest.lock\" > /dev/null\nif [ $? != 0 ] ; then\n    # print error to STDERR\n    echo \"error: The sandbox is not in sync with the Podfile.lock. Run 'pod install' or update your CocoaPods installation.\" >&2\n    exit 1\nfi\n# This output is used by Xcode 'outputs' to avoid re-running this script phase.\necho \"SUCCESS\" > \"${SCRIPT_OUTPUT_FILE_0}\"\n";
			showEnvVarsInLog = 0;
		};
		844732DF27BFE10000F9F1F9 /* R.swift */ = {
			isa = PBXShellScriptBuildPhase;
			buildActionMask = 2147483647;
			files = (
			);
			inputFileListPaths = (
			);
			inputPaths = (
				"$TEMP_DIR/rswift-lastrun",
			);
			name = R.swift;
			outputFileListPaths = (
			);
			outputPaths = (
				"$SRCROOT/cocktailer-ios/Supporting FIles/R.generated.swift",
			);
			runOnlyForDeploymentPostprocessing = 0;
			shellPath = /bin/sh;
			shellScript = "\"$PODS_ROOT/R.swift/rswift\" generate \"$SRCROOT/cocktailer-ios/Supporting FIles/R.generated.swift\"\n";
		};
		853721EB93D98C198F4875DE /* [CP] Embed Pods Frameworks */ = {
			isa = PBXShellScriptBuildPhase;
			buildActionMask = 2147483647;
			files = (
			);
			inputFileListPaths = (
				"${PODS_ROOT}/Target Support Files/Pods-cocktailer-ios/Pods-cocktailer-ios-frameworks-${CONFIGURATION}-input-files.xcfilelist",
			);
			name = "[CP] Embed Pods Frameworks";
			outputFileListPaths = (
				"${PODS_ROOT}/Target Support Files/Pods-cocktailer-ios/Pods-cocktailer-ios-frameworks-${CONFIGURATION}-output-files.xcfilelist",
			);
			runOnlyForDeploymentPostprocessing = 0;
			shellPath = /bin/sh;
			shellScript = "\"${PODS_ROOT}/Target Support Files/Pods-cocktailer-ios/Pods-cocktailer-ios-frameworks.sh\"\n";
			showEnvVarsInLog = 0;
		};
		93C7FC322A696F9FAA8B9296 /* [CP] Check Pods Manifest.lock */ = {
			isa = PBXShellScriptBuildPhase;
			buildActionMask = 2147483647;
			files = (
			);
			inputFileListPaths = (
			);
			inputPaths = (
				"${PODS_PODFILE_DIR_PATH}/Podfile.lock",
				"${PODS_ROOT}/Manifest.lock",
			);
			name = "[CP] Check Pods Manifest.lock";
			outputFileListPaths = (
			);
			outputPaths = (
				"$(DERIVED_FILE_DIR)/Pods-cocktailer-iosTests-checkManifestLockResult.txt",
			);
			runOnlyForDeploymentPostprocessing = 0;
			shellPath = /bin/sh;
			shellScript = "diff \"${PODS_PODFILE_DIR_PATH}/Podfile.lock\" \"${PODS_ROOT}/Manifest.lock\" > /dev/null\nif [ $? != 0 ] ; then\n    # print error to STDERR\n    echo \"error: The sandbox is not in sync with the Podfile.lock. Run 'pod install' or update your CocoaPods installation.\" >&2\n    exit 1\nfi\n# This output is used by Xcode 'outputs' to avoid re-running this script phase.\necho \"SUCCESS\" > \"${SCRIPT_OUTPUT_FILE_0}\"\n";
			showEnvVarsInLog = 0;
		};
		ACCCC744FB78BCEA38694D3D /* [CP] Embed Pods Frameworks */ = {
			isa = PBXShellScriptBuildPhase;
			buildActionMask = 2147483647;
			files = (
			);
			inputFileListPaths = (
				"${PODS_ROOT}/Target Support Files/Pods-cocktailer-ios-cocktailer-iosUITests/Pods-cocktailer-ios-cocktailer-iosUITests-frameworks-${CONFIGURATION}-input-files.xcfilelist",
			);
			name = "[CP] Embed Pods Frameworks";
			outputFileListPaths = (
				"${PODS_ROOT}/Target Support Files/Pods-cocktailer-ios-cocktailer-iosUITests/Pods-cocktailer-ios-cocktailer-iosUITests-frameworks-${CONFIGURATION}-output-files.xcfilelist",
			);
			runOnlyForDeploymentPostprocessing = 0;
			shellPath = /bin/sh;
			shellScript = "\"${PODS_ROOT}/Target Support Files/Pods-cocktailer-ios-cocktailer-iosUITests/Pods-cocktailer-ios-cocktailer-iosUITests-frameworks.sh\"\n";
			showEnvVarsInLog = 0;
		};
/* End PBXShellScriptBuildPhase section */

/* Begin PBXSourcesBuildPhase section */
		844732A827BFD3AB00F9F1F9 /* Sources */ = {
			isa = PBXSourcesBuildPhase;
			buildActionMask = 2147483647;
			files = (
				841AB1B827BFEB2C00225E27 /* AlertHelper.swift in Sources */,
				841AB1DC27C12A8000225E27 /* CocktailsManager.swift in Sources */,
				841AB1C027C0AEF300225E27 /* BasePresenter.swift in Sources */,
				841AB1E027C12D0D00225E27 /* ServiceBaseError.swift in Sources */,
				841AB1F627C3541E00225E27 /* CocktailsViewController.swift in Sources */,
				844732B427BFD3AB00F9F1F9 /* CocktailerVIewController.swift in Sources */,
				841AB1D827C1203300225E27 /* PathBuilder.swift in Sources */,
				844732B027BFD3AB00F9F1F9 /* AppDelegate.swift in Sources */,
				841AB19F27BFE3CA00225E27 /* R.generated.swift in Sources */,
				841AB1C827C0B07100225E27 /* BaseViewController.swift in Sources */,
				841AB1BC27C0AECA00225E27 /* CocktailsPresenter.swift in Sources */,
				841AB1E427C1313C00225E27 /* CocktailViewModel.swift in Sources */,
				841AB1F227C21B7400225E27 /* Extensions.swift in Sources */,
				841AB1EA27C1DC7A00225E27 /* BaseViewModel.swift in Sources */,
				841AB1D427C11DC000225E27 /* CocktailsResponse.swift in Sources */,
				841AB1FB27C356D700225E27 /* CocktailTableViewCell.swift in Sources */,
				841AB1C427C0AFF100225E27 /* BaseManager.swift in Sources */,
				841AB1D027C11D6400225E27 /* CocktailRealModel.swift in Sources */,
			);
			runOnlyForDeploymentPostprocessing = 0;
		};
		844732BE27BFD3B000F9F1F9 /* Sources */ = {
			isa = PBXSourcesBuildPhase;
			buildActionMask = 2147483647;
			files = (
				841AB1D927C1203300225E27 /* PathBuilder.swift in Sources */,
				841AB1DD27C12A8000225E27 /* CocktailsManager.swift in Sources */,
				841AB1F727C3541E00225E27 /* CocktailsViewController.swift in Sources */,
				841AB1FC27C356D700225E27 /* CocktailTableViewCell.swift in Sources */,
				841AB1C527C0AFF100225E27 /* BaseManager.swift in Sources */,
				841AB1B927BFEB2C00225E27 /* AlertHelper.swift in Sources */,
				841AB1D527C11DC000225E27 /* CocktailsResponse.swift in Sources */,
				841AB1EB27C1DC7A00225E27 /* BaseViewModel.swift in Sources */,
				841AB1C127C0AEF300225E27 /* BasePresenter.swift in Sources */,
				841AB1BD27C0AECA00225E27 /* CocktailsPresenter.swift in Sources */,
				841AB1F327C21B7400225E27 /* Extensions.swift in Sources */,
				844732C727BFD3B000F9F1F9 /* cocktailer_iosTests.swift in Sources */,
				841AB1E527C1313C00225E27 /* CocktailViewModel.swift in Sources */,
				841AB1E127C12D0D00225E27 /* ServiceBaseError.swift in Sources */,
				841AB1D127C11D6400225E27 /* CocktailRealModel.swift in Sources */,
			);
			runOnlyForDeploymentPostprocessing = 0;
		};
		844732C827BFD3B000F9F1F9 /* Sources */ = {
			isa = PBXSourcesBuildPhase;
			buildActionMask = 2147483647;
			files = (
				841AB1DA27C1203300225E27 /* PathBuilder.swift in Sources */,
				841AB1C627C0AFF100225E27 /* BaseManager.swift in Sources */,
				841AB1D227C11D6400225E27 /* CocktailRealModel.swift in Sources */,
				841AB1FD27C356D700225E27 /* CocktailTableViewCell.swift in Sources */,
				841AB1BE27C0AECA00225E27 /* CocktailsPresenter.swift in Sources */,
				841AB1D627C11DC000225E27 /* CocktailsResponse.swift in Sources */,
				841AB1F827C3541E00225E27 /* CocktailsViewController.swift in Sources */,
				841AB1C227C0AEF300225E27 /* BasePresenter.swift in Sources */,
				841AB1BA27BFEB2C00225E27 /* AlertHelper.swift in Sources */,
				841AB1EC27C1DC7A00225E27 /* BaseViewModel.swift in Sources */,
				841AB1DE27C12A8000225E27 /* CocktailsManager.swift in Sources */,
				841AB1E627C1313C00225E27 /* CocktailViewModel.swift in Sources */,
				844732D127BFD3B000F9F1F9 /* cocktailer_iosUITests.swift in Sources */,
				844732D327BFD3B000F9F1F9 /* cocktailer_iosUITestsLaunchTests.swift in Sources */,
				841AB1E227C12D0D00225E27 /* ServiceBaseError.swift in Sources */,
				841AB1F427C21B7400225E27 /* Extensions.swift in Sources */,
			);
			runOnlyForDeploymentPostprocessing = 0;
		};
/* End PBXSourcesBuildPhase section */

/* Begin PBXTargetDependency section */
		844732C427BFD3B000F9F1F9 /* PBXTargetDependency */ = {
			isa = PBXTargetDependency;
			target = 844732AB27BFD3AB00F9F1F9 /* cocktailer-ios */;
			targetProxy = 844732C327BFD3B000F9F1F9 /* PBXContainerItemProxy */;
		};
		844732CE27BFD3B000F9F1F9 /* PBXTargetDependency */ = {
			isa = PBXTargetDependency;
			target = 844732AB27BFD3AB00F9F1F9 /* cocktailer-ios */;
			targetProxy = 844732CD27BFD3B000F9F1F9 /* PBXContainerItemProxy */;
		};
/* End PBXTargetDependency section */

/* Begin PBXVariantGroup section */
		841AB1B627BFEA9D00225E27 /* Localizable.strings */ = {
			isa = PBXVariantGroup;
			children = (
				841AB1B527BFEA9D00225E27 /* en */,
			);
			name = Localizable.strings;
			sourceTree = "<group>";
		};
		844732B527BFD3AB00F9F1F9 /* Main.storyboard */ = {
			isa = PBXVariantGroup;
			children = (
				844732B627BFD3AB00F9F1F9 /* Base */,
			);
			name = Main.storyboard;
			sourceTree = "<group>";
		};
		844732BA27BFD3B000F9F1F9 /* LaunchScreen.storyboard */ = {
			isa = PBXVariantGroup;
			children = (
				844732BB27BFD3B000F9F1F9 /* Base */,
			);
			name = LaunchScreen.storyboard;
			sourceTree = "<group>";
		};
/* End PBXVariantGroup section */

/* Begin XCBuildConfiguration section */
		844732D427BFD3B000F9F1F9 /* Debug */ = {
			isa = XCBuildConfiguration;
			buildSettings = {
				ALWAYS_SEARCH_USER_PATHS = NO;
				CLANG_ANALYZER_NONNULL = YES;
				CLANG_ANALYZER_NUMBER_OBJECT_CONVERSION = YES_AGGRESSIVE;
				CLANG_CXX_LANGUAGE_STANDARD = "gnu++17";
				CLANG_CXX_LIBRARY = "libc++";
				CLANG_ENABLE_MODULES = YES;
				CLANG_ENABLE_OBJC_ARC = YES;
				CLANG_ENABLE_OBJC_WEAK = YES;
				CLANG_WARN_BLOCK_CAPTURE_AUTORELEASING = YES;
				CLANG_WARN_BOOL_CONVERSION = YES;
				CLANG_WARN_COMMA = YES;
				CLANG_WARN_CONSTANT_CONVERSION = YES;
				CLANG_WARN_DEPRECATED_OBJC_IMPLEMENTATIONS = YES;
				CLANG_WARN_DIRECT_OBJC_ISA_USAGE = YES_ERROR;
				CLANG_WARN_DOCUMENTATION_COMMENTS = YES;
				CLANG_WARN_EMPTY_BODY = YES;
				CLANG_WARN_ENUM_CONVERSION = YES;
				CLANG_WARN_INFINITE_RECURSION = YES;
				CLANG_WARN_INT_CONVERSION = YES;
				CLANG_WARN_NON_LITERAL_NULL_CONVERSION = YES;
				CLANG_WARN_OBJC_IMPLICIT_RETAIN_SELF = YES;
				CLANG_WARN_OBJC_LITERAL_CONVERSION = YES;
				CLANG_WARN_OBJC_ROOT_CLASS = YES_ERROR;
				CLANG_WARN_QUOTED_INCLUDE_IN_FRAMEWORK_HEADER = YES;
				CLANG_WARN_RANGE_LOOP_ANALYSIS = YES;
				CLANG_WARN_STRICT_PROTOTYPES = YES;
				CLANG_WARN_SUSPICIOUS_MOVE = YES;
				CLANG_WARN_UNGUARDED_AVAILABILITY = YES_AGGRESSIVE;
				CLANG_WARN_UNREACHABLE_CODE = YES;
				CLANG_WARN__DUPLICATE_METHOD_MATCH = YES;
				COPY_PHASE_STRIP = NO;
				DEBUG_INFORMATION_FORMAT = dwarf;
				ENABLE_STRICT_OBJC_MSGSEND = YES;
				ENABLE_TESTABILITY = YES;
				GCC_C_LANGUAGE_STANDARD = gnu11;
				GCC_DYNAMIC_NO_PIC = NO;
				GCC_NO_COMMON_BLOCKS = YES;
				GCC_OPTIMIZATION_LEVEL = 0;
				GCC_PREPROCESSOR_DEFINITIONS = (
					"DEBUG=1",
					"$(inherited)",
				);
				GCC_WARN_64_TO_32_BIT_CONVERSION = YES;
				GCC_WARN_ABOUT_RETURN_TYPE = YES_ERROR;
				GCC_WARN_UNDECLARED_SELECTOR = YES;
				GCC_WARN_UNINITIALIZED_AUTOS = YES_AGGRESSIVE;
				GCC_WARN_UNUSED_FUNCTION = YES;
				GCC_WARN_UNUSED_VARIABLE = YES;
				IPHONEOS_DEPLOYMENT_TARGET = 12.0;
				MTL_ENABLE_DEBUG_INFO = INCLUDE_SOURCE;
				MTL_FAST_MATH = YES;
				ONLY_ACTIVE_ARCH = YES;
				SDKROOT = iphoneos;
				SWIFT_ACTIVE_COMPILATION_CONDITIONS = DEBUG;
				SWIFT_OPTIMIZATION_LEVEL = "-Onone";
			};
			name = Debug;
		};
		844732D527BFD3B000F9F1F9 /* Release */ = {
			isa = XCBuildConfiguration;
			buildSettings = {
				ALWAYS_SEARCH_USER_PATHS = NO;
				CLANG_ANALYZER_NONNULL = YES;
				CLANG_ANALYZER_NUMBER_OBJECT_CONVERSION = YES_AGGRESSIVE;
				CLANG_CXX_LANGUAGE_STANDARD = "gnu++17";
				CLANG_CXX_LIBRARY = "libc++";
				CLANG_ENABLE_MODULES = YES;
				CLANG_ENABLE_OBJC_ARC = YES;
				CLANG_ENABLE_OBJC_WEAK = YES;
				CLANG_WARN_BLOCK_CAPTURE_AUTORELEASING = YES;
				CLANG_WARN_BOOL_CONVERSION = YES;
				CLANG_WARN_COMMA = YES;
				CLANG_WARN_CONSTANT_CONVERSION = YES;
				CLANG_WARN_DEPRECATED_OBJC_IMPLEMENTATIONS = YES;
				CLANG_WARN_DIRECT_OBJC_ISA_USAGE = YES_ERROR;
				CLANG_WARN_DOCUMENTATION_COMMENTS = YES;
				CLANG_WARN_EMPTY_BODY = YES;
				CLANG_WARN_ENUM_CONVERSION = YES;
				CLANG_WARN_INFINITE_RECURSION = YES;
				CLANG_WARN_INT_CONVERSION = YES;
				CLANG_WARN_NON_LITERAL_NULL_CONVERSION = YES;
				CLANG_WARN_OBJC_IMPLICIT_RETAIN_SELF = YES;
				CLANG_WARN_OBJC_LITERAL_CONVERSION = YES;
				CLANG_WARN_OBJC_ROOT_CLASS = YES_ERROR;
				CLANG_WARN_QUOTED_INCLUDE_IN_FRAMEWORK_HEADER = YES;
				CLANG_WARN_RANGE_LOOP_ANALYSIS = YES;
				CLANG_WARN_STRICT_PROTOTYPES = YES;
				CLANG_WARN_SUSPICIOUS_MOVE = YES;
				CLANG_WARN_UNGUARDED_AVAILABILITY = YES_AGGRESSIVE;
				CLANG_WARN_UNREACHABLE_CODE = YES;
				CLANG_WARN__DUPLICATE_METHOD_MATCH = YES;
				COPY_PHASE_STRIP = NO;
				DEBUG_INFORMATION_FORMAT = "dwarf-with-dsym";
				ENABLE_NS_ASSERTIONS = NO;
				ENABLE_STRICT_OBJC_MSGSEND = YES;
				GCC_C_LANGUAGE_STANDARD = gnu11;
				GCC_NO_COMMON_BLOCKS = YES;
				GCC_WARN_64_TO_32_BIT_CONVERSION = YES;
				GCC_WARN_ABOUT_RETURN_TYPE = YES_ERROR;
				GCC_WARN_UNDECLARED_SELECTOR = YES;
				GCC_WARN_UNINITIALIZED_AUTOS = YES_AGGRESSIVE;
				GCC_WARN_UNUSED_FUNCTION = YES;
				GCC_WARN_UNUSED_VARIABLE = YES;
				IPHONEOS_DEPLOYMENT_TARGET = 12.0;
				MTL_ENABLE_DEBUG_INFO = NO;
				MTL_FAST_MATH = YES;
				SDKROOT = iphoneos;
				SWIFT_COMPILATION_MODE = wholemodule;
				SWIFT_OPTIMIZATION_LEVEL = "-O";
				VALIDATE_PRODUCT = YES;
			};
			name = Release;
		};
		844732D727BFD3B000F9F1F9 /* Debug */ = {
			isa = XCBuildConfiguration;
			baseConfigurationReference = 5034BFF194A6A7BF22B58A82 /* Pods-cocktailer-ios.debug.xcconfig */;
			buildSettings = {
				ASSETCATALOG_COMPILER_APPICON_NAME = AppIcon;
				ASSETCATALOG_COMPILER_GLOBAL_ACCENT_COLOR_NAME = AccentColor;
				CODE_SIGN_STYLE = Automatic;
				CURRENT_PROJECT_VERSION = 1;
				DEVELOPMENT_TEAM = "";
				GENERATE_INFOPLIST_FILE = YES;
				INFOPLIST_FILE = "cocktailer-ios/Info.plist";
				INFOPLIST_KEY_CFBundleDisplayName = Cocktailer;
				INFOPLIST_KEY_UIApplicationSupportsIndirectInputEvents = YES;
				INFOPLIST_KEY_UILaunchStoryboardName = LaunchScreen;
				INFOPLIST_KEY_UIMainStoryboardFile = Main;
				INFOPLIST_KEY_UISupportedInterfaceOrientations_iPad = "UIInterfaceOrientationPortrait UIInterfaceOrientationPortraitUpsideDown UIInterfaceOrientationLandscapeLeft UIInterfaceOrientationLandscapeRight";
				INFOPLIST_KEY_UISupportedInterfaceOrientations_iPhone = "UIInterfaceOrientationPortrait UIInterfaceOrientationLandscapeLeft UIInterfaceOrientationLandscapeRight";
				LD_RUNPATH_SEARCH_PATHS = (
					"$(inherited)",
					"@executable_path/Frameworks",
				);
				MARKETING_VERSION = 1.0;
				PRODUCT_BUNDLE_IDENTIFIER = "com.julianmino.cocktailer-ios";
				PRODUCT_NAME = "$(TARGET_NAME)";
				SWIFT_EMIT_LOC_STRINGS = YES;
				SWIFT_VERSION = 5.0;
				TARGETED_DEVICE_FAMILY = "1,2";
			};
			name = Debug;
		};
		844732D827BFD3B000F9F1F9 /* Release */ = {
			isa = XCBuildConfiguration;
			baseConfigurationReference = F0C7317ECA1A42E7894793C5 /* Pods-cocktailer-ios.release.xcconfig */;
			buildSettings = {
				ASSETCATALOG_COMPILER_APPICON_NAME = AppIcon;
				ASSETCATALOG_COMPILER_GLOBAL_ACCENT_COLOR_NAME = AccentColor;
				CODE_SIGN_STYLE = Automatic;
				CURRENT_PROJECT_VERSION = 1;
				DEVELOPMENT_TEAM = "";
				GENERATE_INFOPLIST_FILE = YES;
				INFOPLIST_FILE = "cocktailer-ios/Info.plist";
				INFOPLIST_KEY_CFBundleDisplayName = Cocktailer;
				INFOPLIST_KEY_UIApplicationSupportsIndirectInputEvents = YES;
				INFOPLIST_KEY_UILaunchStoryboardName = LaunchScreen;
				INFOPLIST_KEY_UIMainStoryboardFile = Main;
				INFOPLIST_KEY_UISupportedInterfaceOrientations_iPad = "UIInterfaceOrientationPortrait UIInterfaceOrientationPortraitUpsideDown UIInterfaceOrientationLandscapeLeft UIInterfaceOrientationLandscapeRight";
				INFOPLIST_KEY_UISupportedInterfaceOrientations_iPhone = "UIInterfaceOrientationPortrait UIInterfaceOrientationLandscapeLeft UIInterfaceOrientationLandscapeRight";
				LD_RUNPATH_SEARCH_PATHS = (
					"$(inherited)",
					"@executable_path/Frameworks",
				);
				MARKETING_VERSION = 1.0;
				PRODUCT_BUNDLE_IDENTIFIER = "com.julianmino.cocktailer-ios";
				PRODUCT_NAME = "$(TARGET_NAME)";
				SWIFT_EMIT_LOC_STRINGS = YES;
				SWIFT_VERSION = 5.0;
				TARGETED_DEVICE_FAMILY = "1,2";
			};
			name = Release;
		};
		844732DA27BFD3B000F9F1F9 /* Debug */ = {
			isa = XCBuildConfiguration;
			baseConfigurationReference = 6A7F05916B157269EE6ED07F /* Pods-cocktailer-iosTests.debug.xcconfig */;
			buildSettings = {
				ALWAYS_EMBED_SWIFT_STANDARD_LIBRARIES = YES;
				BUNDLE_LOADER = "$(TEST_HOST)";
				CODE_SIGN_STYLE = Automatic;
				CURRENT_PROJECT_VERSION = 1;
				GENERATE_INFOPLIST_FILE = YES;
				IPHONEOS_DEPLOYMENT_TARGET = 15.2;
				MARKETING_VERSION = 1.0;
				PRODUCT_BUNDLE_IDENTIFIER = "com.julianmino.cocktailer-iosTests";
				PRODUCT_NAME = "$(TARGET_NAME)";
				SWIFT_EMIT_LOC_STRINGS = NO;
				SWIFT_VERSION = 5.0;
				TARGETED_DEVICE_FAMILY = "1,2";
				TEST_HOST = "$(BUILT_PRODUCTS_DIR)/cocktailer-ios.app/cocktailer-ios";
			};
			name = Debug;
		};
		844732DB27BFD3B000F9F1F9 /* Release */ = {
			isa = XCBuildConfiguration;
			baseConfigurationReference = 3BDC06B118DEEF3D9BA83B88 /* Pods-cocktailer-iosTests.release.xcconfig */;
			buildSettings = {
				ALWAYS_EMBED_SWIFT_STANDARD_LIBRARIES = YES;
				BUNDLE_LOADER = "$(TEST_HOST)";
				CODE_SIGN_STYLE = Automatic;
				CURRENT_PROJECT_VERSION = 1;
				GENERATE_INFOPLIST_FILE = YES;
				IPHONEOS_DEPLOYMENT_TARGET = 15.2;
				MARKETING_VERSION = 1.0;
				PRODUCT_BUNDLE_IDENTIFIER = "com.julianmino.cocktailer-iosTests";
				PRODUCT_NAME = "$(TARGET_NAME)";
				SWIFT_EMIT_LOC_STRINGS = NO;
				SWIFT_VERSION = 5.0;
				TARGETED_DEVICE_FAMILY = "1,2";
				TEST_HOST = "$(BUILT_PRODUCTS_DIR)/cocktailer-ios.app/cocktailer-ios";
			};
			name = Release;
		};
		844732DD27BFD3B000F9F1F9 /* Debug */ = {
			isa = XCBuildConfiguration;
			baseConfigurationReference = F2E296B7249AFB9622A02620 /* Pods-cocktailer-ios-cocktailer-iosUITests.debug.xcconfig */;
			buildSettings = {
				ALWAYS_EMBED_SWIFT_STANDARD_LIBRARIES = YES;
				CODE_SIGN_STYLE = Automatic;
				CURRENT_PROJECT_VERSION = 1;
				GENERATE_INFOPLIST_FILE = YES;
				MARKETING_VERSION = 1.0;
				PRODUCT_BUNDLE_IDENTIFIER = "com.julianmino.cocktailer-iosUITests";
				PRODUCT_NAME = "$(TARGET_NAME)";
				SWIFT_EMIT_LOC_STRINGS = NO;
				SWIFT_VERSION = 5.0;
				TARGETED_DEVICE_FAMILY = "1,2";
				TEST_TARGET_NAME = "cocktailer-ios";
			};
			name = Debug;
		};
		844732DE27BFD3B000F9F1F9 /* Release */ = {
			isa = XCBuildConfiguration;
			baseConfigurationReference = 1D622C584DD9DBCE0C469BC2 /* Pods-cocktailer-ios-cocktailer-iosUITests.release.xcconfig */;
			buildSettings = {
				ALWAYS_EMBED_SWIFT_STANDARD_LIBRARIES = YES;
				CODE_SIGN_STYLE = Automatic;
				CURRENT_PROJECT_VERSION = 1;
				GENERATE_INFOPLIST_FILE = YES;
				MARKETING_VERSION = 1.0;
				PRODUCT_BUNDLE_IDENTIFIER = "com.julianmino.cocktailer-iosUITests";
				PRODUCT_NAME = "$(TARGET_NAME)";
				SWIFT_EMIT_LOC_STRINGS = NO;
				SWIFT_VERSION = 5.0;
				TARGETED_DEVICE_FAMILY = "1,2";
				TEST_TARGET_NAME = "cocktailer-ios";
			};
			name = Release;
		};
/* End XCBuildConfiguration section */

/* Begin XCConfigurationList section */
		844732A727BFD3AB00F9F1F9 /* Build configuration list for PBXProject "cocktailer-ios" */ = {
			isa = XCConfigurationList;
			buildConfigurations = (
				844732D427BFD3B000F9F1F9 /* Debug */,
				844732D527BFD3B000F9F1F9 /* Release */,
			);
			defaultConfigurationIsVisible = 0;
			defaultConfigurationName = Release;
		};
		844732D627BFD3B000F9F1F9 /* Build configuration list for PBXNativeTarget "cocktailer-ios" */ = {
			isa = XCConfigurationList;
			buildConfigurations = (
				844732D727BFD3B000F9F1F9 /* Debug */,
				844732D827BFD3B000F9F1F9 /* Release */,
			);
			defaultConfigurationIsVisible = 0;
			defaultConfigurationName = Release;
		};
		844732D927BFD3B000F9F1F9 /* Build configuration list for PBXNativeTarget "cocktailer-iosTests" */ = {
			isa = XCConfigurationList;
			buildConfigurations = (
				844732DA27BFD3B000F9F1F9 /* Debug */,
				844732DB27BFD3B000F9F1F9 /* Release */,
			);
			defaultConfigurationIsVisible = 0;
			defaultConfigurationName = Release;
		};
		844732DC27BFD3B000F9F1F9 /* Build configuration list for PBXNativeTarget "cocktailer-iosUITests" */ = {
			isa = XCConfigurationList;
			buildConfigurations = (
				844732DD27BFD3B000F9F1F9 /* Debug */,
				844732DE27BFD3B000F9F1F9 /* Release */,
			);
			defaultConfigurationIsVisible = 0;
			defaultConfigurationName = Release;
		};
/* End XCConfigurationList section */
	};
	rootObject = 844732A427BFD3AB00F9F1F9 /* Project object */;
}
